
Microsoft Visual Studio Solution File, Format Version 12.00
# Visual Studio 15
VisualStudioVersion = 15.0.27703.2042
MinimumVisualStudioVersion = 10.0.40219.1
Project("{FAE04EC0-301F-11D3-BF4B-00C04F79EFBC}") = "Photobooth.Android", "Photobooth\Photobooth.Android\Photobooth.Android.csproj", "{9B3612FF-0651-46F9-806C-EFFD17E34BB5}"
EndProject
Project("{FAE04EC0-301F-11D3-BF4B-00C04F79EFBC}") = "Photobooth.iOS", "Photobooth\Photobooth.iOS\Photobooth.iOS.csproj", "{7C67FC98-6FA5-4F0E-BE02-FF4719E99EF8}"
EndProject
Project("{FAE04EC0-301F-11D3-BF4B-00C04F79EFBC}") = "Photobooth", "Photobooth\Photobooth\Photobooth.csproj", "{24568FE9-1967-4016-938A-5EFE9EB1563E}"
EndProject
Global
	GlobalSection(SolutionConfigurationPlatforms) = preSolution
		Ad-Hoc|Any CPU = Ad-Hoc|Any CPU
		Ad-Hoc|iPhone = Ad-Hoc|iPhone
		Ad-Hoc|iPhoneSimulator = Ad-Hoc|iPhoneSimulator
		AppStore|Any CPU = AppStore|Any CPU
		AppStore|iPhone = AppStore|iPhone
		AppStore|iPhoneSimulator = AppStore|iPhoneSimulator
		Debug|Any CPU = Debug|Any CPU
		Debug|iPhone = Debug|iPhone
		Debug|iPhoneSimulator = Debug|iPhoneSimulator
		Release|Any CPU = Release|Any CPU
		Release|iPhone = Release|iPhone
		Release|iPhoneSimulator = Release|iPhoneSimulator
	EndGlobalSection
	GlobalSection(ProjectConfigurationPlatforms) = postSolution
		{9B3612FF-0651-46F9-806C-EFFD17E34BB5}.Ad-Hoc|Any CPU.ActiveCfg = Release|Any CPU
		{9B3612FF-0651-46F9-806C-EFFD17E34BB5}.Ad-Hoc|Any CPU.Build.0 = Release|Any CPU
		{9B3612FF-0651-46F9-806C-EFFD17E34BB5}.Ad-Hoc|Any CPU.Deploy.0 = Release|Any CPU
		{9B3612FF-0651-46F9-806C-EFFD17E34BB5}.Ad-Hoc|iPhone.ActiveCfg = Release|Any CPU
		{9B3612FF-0651-46F9-806C-EFFD17E34BB5}.Ad-Hoc|iPhone.Build.0 = Release|Any CPU
		{9B3612FF-0651-46F9-806C-EFFD17E34BB5}.Ad-Hoc|iPhone.Deploy.0 = Release|Any CPU
		{9B3612FF-0651-46F9-806C-EFFD17E34BB5}.Ad-Hoc|iPhoneSimulator.ActiveCfg = Release|Any CPU
		{9B3612FF-0651-46F9-806C-EFFD17E34BB5}.Ad-Hoc|iPhoneSimulator.Build.0 = Release|Any CPU
		{9B3612FF-0651-46F9-806C-EFFD17E34BB5}.Ad-Hoc|iPhoneSimulator.Deploy.0 = Release|Any CPU
		{9B3612FF-0651-46F9-806C-EFFD17E34BB5}.AppStore|Any CPU.ActiveCfg = Release|Any CPU
		{9B3612FF-0651-46F9-806C-EFFD17E34BB5}.AppStore|Any CPU.Build.0 = Release|Any CPU
		{9B3612FF-0651-46F9-806C-EFFD17E34BB5}.AppStore|Any CPU.Deploy.0 = Release|Any CPU
		{9B3612FF-0651-46F9-806C-EFFD17E34BB5}.AppStore|iPhone.ActiveCfg = Release|Any CPU
		{9B3612FF-0651-46F9-806C-EFFD17E34BB5}.AppStore|iPhone.Build.0 = Release|Any CPU
		{9B3612FF-0651-46F9-806C-EFFD17E34BB5}.AppStore|iPhone.Deploy.0 = Release|Any CPU
		{9B3612FF-0651-46F9-806C-EFFD17E34BB5}.AppStore|iPhoneSimulator.ActiveCfg = Release|Any CPU
		{9B3612FF-0651-46F9-806C-EFFD17E34BB5}.AppStore|iPhoneSimulator.Build.0 = Release|Any CPU
		{9B3612FF-0651-46F9-806C-EFFD17E34BB5}.AppStore|iPhoneSimulator.Deploy.0 = Release|Any CPU
		{9B3612FF-0651-46F9-806C-EFFD17E34BB5}.Debug|Any CPU.ActiveCfg = Debug|Any CPU
		{9B3612FF-0651-46F9-806C-EFFD17E34BB5}.Debug|Any CPU.Build.0 = Debug|Any CPU
		{9B3612FF-0651-46F9-806C-EFFD17E34BB5}.Debug|Any CPU.Deploy.0 = Debug|Any CPU
		{9B3612FF-0651-46F9-806C-EFFD17E34BB5}.Debug|iPhone.ActiveCfg = Debug|Any CPU
		{9B3612FF-0651-46F9-806C-EFFD17E34BB5}.Debug|iPhone.Build.0 = Debug|Any CPU
		{9B3612FF-0651-46F9-806C-EFFD17E34BB5}.Debug|iPhone.Deploy.0 = Debug|Any CPU
		{9B3612FF-0651-46F9-806C-EFFD17E34BB5}.Debug|iPhoneSimulator.ActiveCfg = Debug|Any CPU
		{9B3612FF-0651-46F9-806C-EFFD17E34BB5}.Debug|iPhoneSimulator.Build.0 = Debug|Any CPU
		{9B3612FF-0651-46F9-806C-EFFD17E34BB5}.Debug|iPhoneSimulator.Deploy.0 = Debug|Any CPU
		{9B3612FF-0651-46F9-806C-EFFD17E34BB5}.Release|Any CPU.ActiveCfg = Release|Any CPU
		{9B3612FF-0651-46F9-806C-EFFD17E34BB5}.Release|Any CPU.Build.0 = Release|Any CPU
		{9B3612FF-0651-46F9-806C-EFFD17E34BB5}.Release|Any CPU.Deploy.0 = Release|Any CPU
		{9B3612FF-0651-46F9-806C-EFFD17E34BB5}.Release|iPhone.ActiveCfg = Release|Any CPU
		{9B3612FF-0651-46F9-806C-EFFD17E34BB5}.Release|iPhone.Build.0 = Release|Any CPU
		{9B3612FF-0651-46F9-806C-EFFD17E34BB5}.Release|iPhone.Deploy.0 = Release|Any CPU
		{9B3612FF-0651-46F9-806C-EFFD17E34BB5}.Release|iPhoneSimulator.ActiveCfg = Release|Any CPU
		{9B3612FF-0651-46F9-806C-EFFD17E34BB5}.Release|iPhoneSimulator.Build.0 = Release|Any CPU
		{9B3612FF-0651-46F9-806C-EFFD17E34BB5}.Release|iPhoneSimulator.Deploy.0 = Release|Any CPU
		{7C67FC98-6FA5-4F0E-BE02-FF4719E99EF8}.Ad-Hoc|Any CPU.ActiveCfg = Ad-Hoc|iPhone
		{7C67FC98-6FA5-4F0E-BE02-FF4719E99EF8}.Ad-Hoc|Any CPU.Build.0 = Ad-Hoc|iPhone
		{7C67FC98-6FA5-4F0E-BE02-FF4719E99EF8}.Ad-Hoc|Any CPU.Deploy.0 = Ad-Hoc|iPhone
		{7C67FC98-6FA5-4F0E-BE02-FF4719E99EF8}.Ad-Hoc|iPhone.ActiveCfg = Ad-Hoc|iPhone
		{7C67FC98-6FA5-4F0E-BE02-FF4719E99EF8}.Ad-Hoc|iPhone.Build.0 = Ad-Hoc|iPhone
		{7C67FC98-6FA5-4F0E-BE02-FF4719E99EF8}.Ad-Hoc|iPhone.Deploy.0 = Ad-Hoc|iPhone
		{7C67FC98-6FA5-4F0E-BE02-FF4719E99EF8}.Ad-Hoc|iPhoneSimulator.ActiveCfg = Ad-Hoc|iPhoneSimulator
		{7C67FC98-6FA5-4F0E-BE02-FF4719E99EF8}.Ad-Hoc|iPhoneSimulator.Build.0 = Ad-Hoc|iPhoneSimulator
		{7C67FC98-6FA5-4F0E-BE02-FF4719E99EF8}.Ad-Hoc|iPhoneSimulator.Deploy.0 = Ad-Hoc|iPhoneSimulator
		{7C67FC98-6FA5-4F0E-BE02-FF4719E99EF8}.AppStore|Any CPU.ActiveCfg = AppStore|iPhone
		{7C67FC98-6FA5-4F0E-BE02-FF4719E99EF8}.AppStore|Any CPU.Build.0 = AppStore|iPhone
		{7C67FC98-6FA5-4F0E-BE02-FF4719E99EF8}.AppStore|Any CPU.Deploy.0 = AppStore|iPhone
		{7C67FC98-6FA5-4F0E-BE02-FF4719E99EF8}.AppStore|iPhone.ActiveCfg = AppStore|iPhone
		{7C67FC98-6FA5-4F0E-BE02-FF4719E99EF8}.AppStore|iPhone.Build.0 = AppStore|iPhone
		{7C67FC98-6FA5-4F0E-BE02-FF4719E99EF8}.AppStore|iPhone.Deploy.0 = AppStore|iPhone
		{7C67FC98-6FA5-4F0E-BE02-FF4719E99EF8}.AppStore|iPhoneSimulator.ActiveCfg = AppStore|iPhoneSimulator
		{7C67FC98-6FA5-4F0E-BE02-FF4719E99EF8}.AppStore|iPhoneSimulator.Build.0 = AppStore|iPhoneSimulator
		{7C67FC98-6FA5-4F0E-BE02-FF4719E99EF8}.AppStore|iPhoneSimulator.Deploy.0 = AppStore|iPhoneSimulator
		{7C67FC98-6FA5-4F0E-BE02-FF4719E99EF8}.Debug|Any CPU.ActiveCfg = Debug|iPhoneSimulator
		{7C67FC98-6FA5-4F0E-BE02-FF4719E99EF8}.Debug|Any CPU.Build.0 = Debug|iPhoneSimulator
		{7C67FC98-6FA5-4F0E-BE02-FF4719E99EF8}.Debug|Any CPU.Deploy.0 = Debug|iPhoneSimulator
		{7C67FC98-6FA5-4F0E-BE02-FF4719E99EF8}.Debug|iPhone.ActiveCfg = Debug|iPhone
		{7C67FC98-6FA5-4F0E-BE02-FF4719E99EF8}.Debug|iPhone.Build.0 = Debug|iPhone
		{7C67FC98-6FA5-4F0E-BE02-FF4719E99EF8}.Debug|iPhone.Deploy.0 = Debug|iPhone
		{7C67FC98-6FA5-4F0E-BE02-FF4719E99EF8}.Debug|iPhoneSimulator.ActiveCfg = Debug|iPhoneSimulator
		{7C67FC98-6FA5-4F0E-BE02-FF4719E99EF8}.Debug|iPhoneSimulator.Build.0 = Debug|iPhoneSimulator
		{7C67FC98-6FA5-4F0E-BE02-FF4719E99EF8}.Debug|iPhoneSimulator.Deploy.0 = Debug|iPhoneSimulator
		{7C67FC98-6FA5-4F0E-BE02-FF4719E99EF8}.Release|Any CPU.ActiveCfg = Release|iPhone
		{7C67FC98-6FA5-4F0E-BE02-FF4719E99EF8}.Release|Any CPU.Build.0 = Release|iPhone
		{7C67FC98-6FA5-4F0E-BE02-FF4719E99EF8}.Release|Any CPU.Deploy.0 = Release|iPhone
		{7C67FC98-6FA5-4F0E-BE02-FF4719E99EF8}.Release|iPhone.ActiveCfg = Release|iPhone
		{7C67FC98-6FA5-4F0E-BE02-FF4719E99EF8}.Release|iPhone.Build.0 = Release|iPhone
		{7C67FC98-6FA5-4F0E-BE02-FF4719E99EF8}.Release|iPhone.Deploy.0 = Release|iPhone
		{7C67FC98-6FA5-4F0E-BE02-FF4719E99EF8}.Release|iPhoneSimulator.ActiveCfg = Release|iPhoneSimulator
		{7C67FC98-6FA5-4F0E-BE02-FF4719E99EF8}.Release|iPhoneSimulator.Build.0 = Release|iPhoneSimulator
		{7C67FC98-6FA5-4F0E-BE02-FF4719E99EF8}.Release|iPhoneSimulator.Deploy.0 = Release|iPhoneSimulator
		{24568FE9-1967-4016-938A-5EFE9EB1563E}.Ad-Hoc|Any CPU.ActiveCfg = Debug|Any CPU
		{24568FE9-1967-4016-938A-5EFE9EB1563E}.Ad-Hoc|Any CPU.Build.0 = Debug|Any CPU
		{24568FE9-1967-4016-938A-5EFE9EB1563E}.Ad-Hoc|Any CPU.Deploy.0 = Debug|Any CPU
		{24568FE9-1967-4016-938A-5EFE9EB1563E}.Ad-Hoc|iPhone.ActiveCfg = Debug|Any CPU
		{24568FE9-1967-4016-938A-5EFE9EB1563E}.Ad-Hoc|iPhone.Build.0 = Debug|Any CPU
		{24568FE9-1967-4016-938A-5EFE9EB1563E}.Ad-Hoc|iPhone.Deploy.0 = Debug|Any CPU
		{24568FE9-1967-4016-938A-5EFE9EB1563E}.Ad-Hoc|iPhoneSimulator.ActiveCfg = Debug|Any CPU
		{24568FE9-1967-4016-938A-5EFE9EB1563E}.Ad-Hoc|iPhoneSimulator.Build.0 = Debug|Any CPU
		{24568FE9-1967-4016-938A-5EFE9EB1563E}.Ad-Hoc|iPhoneSimulator.Deploy.0 = Debug|Any CPU
		{24568FE9-1967-4016-938A-5EFE9EB1563E}.AppStore|Any CPU.ActiveCfg = Debug|Any CPU
		{24568FE9-1967-4016-938A-5EFE9EB1563E}.AppStore|Any CPU.Build.0 = Debug|Any CPU
		{24568FE9-1967-4016-938A-5EFE9EB1563E}.AppStore|Any CPU.Deploy.0 = Debug|Any CPU
		{24568FE9-1967-4016-938A-5EFE9EB1563E}.AppStore|iPhone.ActiveCfg = Debug|Any CPU
		{24568FE9-1967-4016-938A-5EFE9EB1563E}.AppStore|iPhone.Build.0 = Debug|Any CPU
		{24568FE9-1967-4016-938A-5EFE9EB1563E}.AppStore|iPhone.Deploy.0 = Debug|Any CPU
		{24568FE9-1967-4016-938A-5EFE9EB1563E}.AppStore|iPhoneSimulator.ActiveCfg = Debug|Any CPU
		{24568FE9-1967-4016-938A-5EFE9EB1563E}.AppStore|iPhoneSimulator.Build.0 = Debug|Any CPU
		{24568FE9-1967-4016-938A-5EFE9EB1563E}.AppStore|iPhoneSimulator.Deploy.0 = Debug|Any CPU
		{24568FE9-1967-4016-938A-5EFE9EB1563E}.Debug|Any CPU.ActiveCfg = Debug|Any CPU
		{24568FE9-1967-4016-938A-5EFE9EB1563E}.Debug|Any CPU.Build.0 = Debug|Any CPU
		{24568FE9-1967-4016-938A-5EFE9EB1563E}.Debug|Any CPU.Deploy.0 = Debug|Any CPU
		{24568FE9-1967-4016-938A-5EFE9EB1563E}.Debug|iPhone.ActiveCfg = Debug|Any CPU
		{24568FE9-1967-4016-938A-5EFE9EB1563E}.Debug|iPhone.Build.0 = Debug|Any CPU
		{24568FE9-1967-4016-938A-5EFE9EB1563E}.Debug|iPhone.Deploy.0 = Debug|Any CPU
		{24568FE9-1967-4016-938A-5EFE9EB1563E}.Debug|iPhoneSimulator.ActiveCfg = Debug|Any CPU
		{24568FE9-1967-4016-938A-5EFE9EB1563E}.Debug|iPhoneSimulator.Build.0 = Debug|Any CPU
		{24568FE9-1967-4016-938A-5EFE9EB1563E}.Debug|iPhoneSimulator.Deploy.0 = Debug|Any CPU
		{24568FE9-1967-4016-938A-5EFE9EB1563E}.Release|Any CPU.ActiveCfg = Release|Any CPU
		{24568FE9-1967-4016-938A-5EFE9EB1563E}.Release|Any CPU.Build.0 = Release|Any CPU
		{24568FE9-1967-4016-938A-5EFE9EB1563E}.Release|Any CPU.Deploy.0 = Release|Any CPU
		{24568FE9-1967-4016-938A-5EFE9EB1563E}.Release|iPhone.ActiveCfg = Release|Any CPU
		{24568FE9-1967-4016-938A-5EFE9EB1563E}.Release|iPhone.Build.0 = Release|Any CPU
		{24568FE9-1967-4016-938A-5EFE9EB1563E}.Release|iPhone.Deploy.0 = Release|Any CPU
		{24568FE9-1967-4016-938A-5EFE9EB1563E}.Release|iPhoneSimulator.ActiveCfg = Release|Any CPU
		{24568FE9-1967-4016-938A-5EFE9EB1563E}.Release|iPhoneSimulator.Build.0 = Release|Any CPU
		{24568FE9-1967-4016-938A-5EFE9EB1563E}.Release|iPhoneSimulator.Deploy.0 = Release|Any CPU
	EndGlobalSection
	GlobalSection(SolutionProperties) = preSolution
		HideSolutionNode = FALSE
	EndGlobalSection
	GlobalSection(ExtensibilityGlobals) = postSolution
		SolutionGuid = {D7CF1248-CF14-4E90-BF42-BB18193713C1}
	EndGlobalSection
EndGlobal
